
Microsoft Visual Studio Solution File, Format Version 12.00
# Visual Studio 2012
Project("{FAE04EC0-301F-11D3-BF4B-00C04F79EFBC}") = "qlearning", "qlearning\qlearning.csproj", "{24294B9F-23A5-423B-9656-521635179FA6}"
EndProject
Global
	GlobalSection(SolutionConfigurationPlatforms) = preSolution
		Debug|Any CPU = Debug|Any CPU
		Release|Any CPU = Release|Any CPU
	EndGlobalSection
	GlobalSection(ProjectConfigurationPlatforms) = postSolution
		{24294B9F-23A5-423B-9656-521635179FA6}.Debug|Any CPU.ActiveCfg = Debug|Any CPU
		{24294B9F-23A5-423B-9656-521635179FA6}.Debug|Any CPU.Build.0 = Debug|Any CPU
		{24294B9F-23A5-423B-9656-521635179FA6}.Release|Any CPU.ActiveCfg = Release|Any CPU
		{24294B9F-23A5-423B-9656-521635179FA6}.Release|Any CPU.Build.0 = Release|Any CPU
	EndGlobalSection
	GlobalSection(SolutionProperties) = preSolution
		HideSolutionNode = FALSE
	EndGlobalSection
EndGlobal
